
Microsoft Visual Studio Solution File, Format Version 12.00
# Visual Studio Version 17
VisualStudioVersion = 17.0.31919.166
MinimumVisualStudioVersion = 10.0.40219.1
Project("{9A19103F-16F7-4668-BE54-9A1E7A4F7556}") = "CurrencyQuotationService", "CurrencyQuotationService.csproj", "{D5221F76-57A3-4785-A715-D1CC20148945}"
EndProject
Global
	GlobalSection(SolutionConfigurationPlatforms) = preSolution
		Debug|Any CPU = Debug|Any CPU
		Release|Any CPU = Release|Any CPU
	EndGlobalSection
	GlobalSection(ProjectConfigurationPlatforms) = postSolution
		{D5221F76-57A3-4785-A715-D1CC20148945}.Debug|Any CPU.ActiveCfg = Debug|Any CPU
		{D5221F76-57A3-4785-A715-D1CC20148945}.Debug|Any CPU.Build.0 = Debug|Any CPU
		{D5221F76-57A3-4785-A715-D1CC20148945}.Release|Any CPU.ActiveCfg = Release|Any CPU
		{D5221F76-57A3-4785-A715-D1CC20148945}.Release|Any CPU.Build.0 = Release|Any CPU
	EndGlobalSection
	GlobalSection(SolutionProperties) = preSolution
		HideSolutionNode = FALSE
	EndGlobalSection
	GlobalSection(ExtensibilityGlobals) = postSolution
		SolutionGuid = {3EB7B91C-57CF-4949-B414-B1EE375E6437}
	EndGlobalSection
EndGlobal
